
Microsoft Visual Studio Solution File, Format Version 12.00
# Visual Studio Version 16
VisualStudioVersion = 16.0.810.9
MinimumVisualStudioVersion = 10.0.40219.1
Project("{FAE04EC0-301F-11D3-BF4B-00C04F79EFBC}") = "NewCore.API", "NewCore.API\NewCore.API.csproj", "{B606246A-FA08-4155-8214-0C243CDC186D}"
EndProject
Project("{FAE04EC0-301F-11D3-BF4B-00C04F79EFBC}") = "NewCore.Services", "..\NewCore.Services\NewCore.Services.csproj", "{8F89C714-D6D1-48C9-8817-DD52C369BF1E}"
EndProject
Project("{FAE04EC0-301F-11D3-BF4B-00C04F79EFBC}") = "NewCore.Data", "..\NewCore.Data\NewCore.Data.csproj", "{2623D447-E703-4DAC-A256-444013FB0C9D}"
EndProject
Project("{FAE04EC0-301F-11D3-BF4B-00C04F79EFBC}") = "NewCore.Dtos", "..\NewCore.Dtos\NewCore.Dtos.csproj", "{32B4641C-825E-483C-B680-7E79A672BEAC}"
EndProject
Project("{FAE04EC0-301F-11D3-BF4B-00C04F79EFBC}") = "JWTIdentityClassLib", "..\..\JWTIdentityClassLib\JWTIdentityClassLib.csproj", "{7B1CED1A-DA7E-4611-8285-C91BE92BEEDB}"
EndProject
Global
	GlobalSection(SolutionConfigurationPlatforms) = preSolution
		Debug|Any CPU = Debug|Any CPU
		Release|Any CPU = Release|Any CPU
	EndGlobalSection
	GlobalSection(ProjectConfigurationPlatforms) = postSolution
		{B606246A-FA08-4155-8214-0C243CDC186D}.Debug|Any CPU.ActiveCfg = Debug|Any CPU
		{B606246A-FA08-4155-8214-0C243CDC186D}.Debug|Any CPU.Build.0 = Debug|Any CPU
		{B606246A-FA08-4155-8214-0C243CDC186D}.Release|Any CPU.ActiveCfg = Release|Any CPU
		{B606246A-FA08-4155-8214-0C243CDC186D}.Release|Any CPU.Build.0 = Release|Any CPU
		{8F89C714-D6D1-48C9-8817-DD52C369BF1E}.Debug|Any CPU.ActiveCfg = Debug|Any CPU
		{8F89C714-D6D1-48C9-8817-DD52C369BF1E}.Debug|Any CPU.Build.0 = Debug|Any CPU
		{8F89C714-D6D1-48C9-8817-DD52C369BF1E}.Release|Any CPU.ActiveCfg = Release|Any CPU
		{8F89C714-D6D1-48C9-8817-DD52C369BF1E}.Release|Any CPU.Build.0 = Release|Any CPU
		{2623D447-E703-4DAC-A256-444013FB0C9D}.Debug|Any CPU.ActiveCfg = Debug|Any CPU
		{2623D447-E703-4DAC-A256-444013FB0C9D}.Debug|Any CPU.Build.0 = Debug|Any CPU
		{2623D447-E703-4DAC-A256-444013FB0C9D}.Release|Any CPU.ActiveCfg = Release|Any CPU
		{2623D447-E703-4DAC-A256-444013FB0C9D}.Release|Any CPU.Build.0 = Release|Any CPU
		{32B4641C-825E-483C-B680-7E79A672BEAC}.Debug|Any CPU.ActiveCfg = Debug|Any CPU
		{32B4641C-825E-483C-B680-7E79A672BEAC}.Debug|Any CPU.Build.0 = Debug|Any CPU
		{32B4641C-825E-483C-B680-7E79A672BEAC}.Release|Any CPU.ActiveCfg = Release|Any CPU
		{32B4641C-825E-483C-B680-7E79A672BEAC}.Release|Any CPU.Build.0 = Release|Any CPU
		{7B1CED1A-DA7E-4611-8285-C91BE92BEEDB}.Debug|Any CPU.ActiveCfg = Debug|Any CPU
		{7B1CED1A-DA7E-4611-8285-C91BE92BEEDB}.Debug|Any CPU.Build.0 = Debug|Any CPU
		{7B1CED1A-DA7E-4611-8285-C91BE92BEEDB}.Release|Any CPU.ActiveCfg = Release|Any CPU
		{7B1CED1A-DA7E-4611-8285-C91BE92BEEDB}.Release|Any CPU.Build.0 = Release|Any CPU
	EndGlobalSection
	GlobalSection(SolutionProperties) = preSolution
		HideSolutionNode = FALSE
	EndGlobalSection
	GlobalSection(ExtensibilityGlobals) = postSolution
		SolutionGuid = {B0AE4CF6-2AAA-47AA-97CF-FA68CD2570AA}
	EndGlobalSection
EndGlobal
