
Microsoft Visual Studio Solution File, Format Version 12.00
# Visual Studio Version 16
VisualStudioVersion = 16.0.810.9
MinimumVisualStudioVersion = 10.0.40219.1
Project("{FAE04EC0-301F-11D3-BF4B-00C04F79EFBC}") = "NewCore.API", "NewCore.API\NewCore.API.csproj", "{B606246A-FA08-4155-8214-0C243CDC186D}"
EndProject
Global
	GlobalSection(SolutionConfigurationPlatforms) = preSolution
		Debug|Any CPU = Debug|Any CPU
		Release|Any CPU = Release|Any CPU
	EndGlobalSection
	GlobalSection(ProjectConfigurationPlatforms) = postSolution
		{B606246A-FA08-4155-8214-0C243CDC186D}.Debug|Any CPU.ActiveCfg = Debug|Any CPU
		{B606246A-FA08-4155-8214-0C243CDC186D}.Debug|Any CPU.Build.0 = Debug|Any CPU
		{B606246A-FA08-4155-8214-0C243CDC186D}.Release|Any CPU.ActiveCfg = Release|Any CPU
		{B606246A-FA08-4155-8214-0C243CDC186D}.Release|Any CPU.Build.0 = Release|Any CPU
	EndGlobalSection
	GlobalSection(SolutionProperties) = preSolution
		HideSolutionNode = FALSE
	EndGlobalSection
	GlobalSection(ExtensibilityGlobals) = postSolution
		SolutionGuid = {B0AE4CF6-2AAA-47AA-97CF-FA68CD2570AA}
	EndGlobalSection
EndGlobal
